{
  "name": "uproot-with-motion-attestation",
  "version": "0.1.0",
  "lockfileVersion": 3,
  "requires": true,
  "packages": {
    "": {
      "name": "uproot-with-motion-attestation",
      "version": "0.1.0",
      "license": "0BSD",
      "dependencies": {
        "motion-attestation": "1.0.0"
      },
      "engines": {
        "node": ">=18"
      }
    },
    "node_modules/motion-attestation": {
      "version": "1.0.0",
      "resolved": "https://registry.npmjs.org/motion-attestation/-/motion-attestation-1.0.0.tgz",
      "integrity": "sha512-4RWBfx3gEyEauv2BLqXIGspWbNO/WT/isWckHNTzzlU6PpMOfbihdYrKWP/iMb13oSB70MoRK39pxIJ+yWI6Pw==",
      "engines": {
        "node": ">=18"
      }
    }
  }
}
